
Microsoft Visual Studio Solution File, Format Version 12.00
# Visual Studio Version 16
VisualStudioVersion = 16.0.31515.178
MinimumVisualStudioVersion = 10.0.40219.1
Project("{FAE04EC0-301F-11D3-BF4B-00C04F79EFBC}") = "Demo", "Demo\Demo.csproj", "{6299D3B4-DA03-458C-951C-0E7D6FEB2FAE}"
EndProject
Global
	GlobalSection(SolutionConfigurationPlatforms) = preSolution
		Debug|Any CPU = Debug|Any CPU
		Release|Any CPU = Release|Any CPU
	EndGlobalSection
	GlobalSection(ProjectConfigurationPlatforms) = postSolution
		{6299D3B4-DA03-458C-951C-0E7D6FEB2FAE}.Debug|Any CPU.ActiveCfg = Debug|Any CPU
		{6299D3B4-DA03-458C-951C-0E7D6FEB2FAE}.Debug|Any CPU.Build.0 = Debug|Any CPU
		{6299D3B4-DA03-458C-951C-0E7D6FEB2FAE}.Release|Any CPU.ActiveCfg = Release|Any CPU
		{6299D3B4-DA03-458C-951C-0E7D6FEB2FAE}.Release|Any CPU.Build.0 = Release|Any CPU
	EndGlobalSection
	GlobalSection(SolutionProperties) = preSolution
		HideSolutionNode = FALSE
	EndGlobalSection
	GlobalSection(ExtensibilityGlobals) = postSolution
		SolutionGuid = {AC67E41A-86D0-45C0-8302-4E77F82BCCAE}
	EndGlobalSection
EndGlobal
